
Microsoft Visual Studio Solution File, Format Version 12.00
# Visual Studio 15
VisualStudioVersion = 15.0.28307.1000
MinimumVisualStudioVersion = 10.0.40219.1
Project("{FAE04EC0-301F-11D3-BF4B-00C04F79EFBC}") = "IoT.Android", "IoT\IoT.Android\IoT.Android.csproj", "{4EB8D709-40BC-4791-8A58-11D09635D9EA}"
EndProject
Project("{FAE04EC0-301F-11D3-BF4B-00C04F79EFBC}") = "IoT_Heating2", "IoT\IoT\IoT_Heating2.csproj", "{86BE0FE5-4831-4E34-B0CB-7BD5DAA0AB06}"
EndProject
Global
	GlobalSection(SolutionConfigurationPlatforms) = preSolution
		Debug|Any CPU = Debug|Any CPU
		Release|Any CPU = Release|Any CPU
	EndGlobalSection
	GlobalSection(ProjectConfigurationPlatforms) = postSolution
		{4EB8D709-40BC-4791-8A58-11D09635D9EA}.Debug|Any CPU.ActiveCfg = Debug|Any CPU
		{4EB8D709-40BC-4791-8A58-11D09635D9EA}.Debug|Any CPU.Build.0 = Debug|Any CPU
		{4EB8D709-40BC-4791-8A58-11D09635D9EA}.Debug|Any CPU.Deploy.0 = Debug|Any CPU
		{4EB8D709-40BC-4791-8A58-11D09635D9EA}.Release|Any CPU.ActiveCfg = Release|Any CPU
		{4EB8D709-40BC-4791-8A58-11D09635D9EA}.Release|Any CPU.Build.0 = Release|Any CPU
		{4EB8D709-40BC-4791-8A58-11D09635D9EA}.Release|Any CPU.Deploy.0 = Release|Any CPU
		{86BE0FE5-4831-4E34-B0CB-7BD5DAA0AB06}.Debug|Any CPU.ActiveCfg = Debug|Any CPU
		{86BE0FE5-4831-4E34-B0CB-7BD5DAA0AB06}.Debug|Any CPU.Build.0 = Debug|Any CPU
		{86BE0FE5-4831-4E34-B0CB-7BD5DAA0AB06}.Release|Any CPU.ActiveCfg = Release|Any CPU
		{86BE0FE5-4831-4E34-B0CB-7BD5DAA0AB06}.Release|Any CPU.Build.0 = Release|Any CPU
	EndGlobalSection
	GlobalSection(SolutionProperties) = preSolution
		HideSolutionNode = FALSE
	EndGlobalSection
	GlobalSection(ExtensibilityGlobals) = postSolution
		SolutionGuid = {0A915EAF-61DF-4B99-903A-C7978E124A8C}
	EndGlobalSection
EndGlobal
